
Microsoft Visual Studio Solution File, Format Version 12.00
# Visual Studio Version 17
VisualStudioVersion = 17.1.32210.238
MinimumVisualStudioVersion = 10.0.40219.1
Project("{FAE04EC0-301F-11D3-BF4B-00C04F79EFBC}") = "FirtsRazorApp", "FirtsRazorApp\FirtsRazorApp.csproj", "{FCE7BFF9-45A2-4E2E-A003-C327B00E8F69}"
EndProject
Global
	GlobalSection(SolutionConfigurationPlatforms) = preSolution
		Debug|Any CPU = Debug|Any CPU
		Release|Any CPU = Release|Any CPU
	EndGlobalSection
	GlobalSection(ProjectConfigurationPlatforms) = postSolution
		{FCE7BFF9-45A2-4E2E-A003-C327B00E8F69}.Debug|Any CPU.ActiveCfg = Debug|Any CPU
		{FCE7BFF9-45A2-4E2E-A003-C327B00E8F69}.Debug|Any CPU.Build.0 = Debug|Any CPU
		{FCE7BFF9-45A2-4E2E-A003-C327B00E8F69}.Release|Any CPU.ActiveCfg = Release|Any CPU
		{FCE7BFF9-45A2-4E2E-A003-C327B00E8F69}.Release|Any CPU.Build.0 = Release|Any CPU
	EndGlobalSection
	GlobalSection(SolutionProperties) = preSolution
		HideSolutionNode = FALSE
	EndGlobalSection
	GlobalSection(ExtensibilityGlobals) = postSolution
		SolutionGuid = {D6037B61-76EB-41DA-8312-71CD1072A535}
	EndGlobalSection
EndGlobal
